Microsoft Visual Studio Solution File, Format Version 11.00
# Visual Studio 2008

Project("{E495E84E-4863-C613-A1D2-67A21C273F95}") = "WarpZone17", "Assembly-CSharp.csproj", "{40DF30ED-B138-4CC4-7BC2-A051CC8E806C}"
EndProject
Global
	GlobalSection(SolutionConfigurationPlatforms) = preSolution
		Debug|Any CPU = Debug|Any CPU
		Release|Any CPU = Release|Any CPU
	EndGlobalSection
	GlobalSection(ProjectConfigurationPlatforms) = postSolution
		{40DF30ED-B138-4CC4-7BC2-A051CC8E806C}.Debug|Any CPU.ActiveCfg = Debug|Any CPU
		{40DF30ED-B138-4CC4-7BC2-A051CC8E806C}.Debug|Any CPU.Build.0 = Debug|Any CPU
		{40DF30ED-B138-4CC4-7BC2-A051CC8E806C}.Release|Any CPU.ActiveCfg = Release|Any CPU
		{40DF30ED-B138-4CC4-7BC2-A051CC8E806C}.Release|Any CPU.Build.0 = Release|Any CPU
	EndGlobalSection
	GlobalSection(SolutionProperties) = preSolution
		HideSolutionNode = FALSE
	EndGlobalSection
	GlobalSection(MonoDevelopProperties) = preSolution
		StartupItem = Assembly-CSharp.csproj
	EndGlobalSection
EndGlobal
